
Microsoft Visual Studio Solution File, Format Version 12.00
# Visual Studio Version 16
VisualStudioVersion = 16.0.29926.136
MinimumVisualStudioVersion = 10.0.40219.1
Project("{FAE04EC0-301F-11D3-BF4B-00C04F79EFBC}") = "EECoreTutorials", "EECoreTutorials.csproj", "{DC3C0642-96DD-4E7A-920A-72F467555F57}"
EndProject
Global
	GlobalSection(SolutionConfigurationPlatforms) = preSolution
		Debug|Any CPU = Debug|Any CPU
		Release|Any CPU = Release|Any CPU
	EndGlobalSection
	GlobalSection(ProjectConfigurationPlatforms) = postSolution
		{DC3C0642-96DD-4E7A-920A-72F467555F57}.Debug|Any CPU.ActiveCfg = Debug|Any CPU
		{DC3C0642-96DD-4E7A-920A-72F467555F57}.Debug|Any CPU.Build.0 = Debug|Any CPU
		{DC3C0642-96DD-4E7A-920A-72F467555F57}.Release|Any CPU.ActiveCfg = Release|Any CPU
		{DC3C0642-96DD-4E7A-920A-72F467555F57}.Release|Any CPU.Build.0 = Release|Any CPU
	EndGlobalSection
	GlobalSection(SolutionProperties) = preSolution
		HideSolutionNode = FALSE
	EndGlobalSection
	GlobalSection(ExtensibilityGlobals) = postSolution
		SolutionGuid = {0A294547-E722-46D4-86E0-1679CD8625A2}
	EndGlobalSection
EndGlobal
